Microsoft Visual Studio Solution File, Format Version 12.00
# Visual Studio Version 17
VisualStudioVersion = 17.5.2.0
MinimumVisualStudioVersion = 10.0.40219.1
Project("{2150E333-8FDC-42A3-9474-1A3956D46DE8}") = "modulo-2", "modulo-2", "{C44F24AE-8F35-C82C-E961-FC4D782CF8A4}"
EndProject
Project("{2150E333-8FDC-42A3-9474-1A3956D46DE8}") = "dotnet-legacy", "dotnet-legacy", "{9F284ED9-8B0A-38D6-36E9-0F2E925F59BB}"
EndProject
Project("{FAE04EC0-301F-11D3-BF4B-00C04F79EFBC}") = "LegacyApi", "modulo-2\dotnet-legacy\LegacyApi\LegacyApi.csproj", "{ADD2EB5E-7537-4BF0-D276-AB06DB438E3F}"
EndProject
Global
	GlobalSection(SolutionConfigurationPlatforms) = preSolution
		Debug|Any CPU = Debug|Any CPU
		Release|Any CPU = Release|Any CPU
	EndGlobalSection
	GlobalSection(ProjectConfigurationPlatforms) = postSolution
		{ADD2EB5E-7537-4BF0-D276-AB06DB438E3F}.Debug|Any CPU.ActiveCfg = Debug|Any CPU
		{ADD2EB5E-7537-4BF0-D276-AB06DB438E3F}.Debug|Any CPU.Build.0 = Debug|Any CPU
		{ADD2EB5E-7537-4BF0-D276-AB06DB438E3F}.Release|Any CPU.ActiveCfg = Release|Any CPU
		{ADD2EB5E-7537-4BF0-D276-AB06DB438E3F}.Release|Any CPU.Build.0 = Release|Any CPU
	EndGlobalSection
	GlobalSection(SolutionProperties) = preSolution
		HideSolutionNode = FALSE
	EndGlobalSection
	GlobalSection(NestedProjects) = preSolution
		{9F284ED9-8B0A-38D6-36E9-0F2E925F59BB} = {C44F24AE-8F35-C82C-E961-FC4D782CF8A4}
		{ADD2EB5E-7537-4BF0-D276-AB06DB438E3F} = {9F284ED9-8B0A-38D6-36E9-0F2E925F59BB}
	EndGlobalSection
	GlobalSection(ExtensibilityGlobals) = postSolution
		SolutionGuid = {B7BC21E4-1A42-4481-BB42-D5ED80492389}
	EndGlobalSection
EndGlobal
